
Microsoft Visual Studio Solution File, Format Version 12.00
# Visual Studio Version 17
VisualStudioVersion = 17.0.31903.59
MinimumVisualStudioVersion = 10.0.40219.1
Project("{9A19103F-16F7-4668-BE54-9A1E7A4F7556}") = "SasXptParser", "SasXptParser\SasXptParser.csproj", "{8FE3EA3F-8C77-4D13-9C0C-695AEE83E694}"
EndProject
Project("{9A19103F-16F7-4668-BE54-9A1E7A4F7556}") = "SasXptParser.Abstract", "SasXptParser.Abstract\SasXptParser.Abstract.csproj", "{362187B4-520A-4BFB-BB06-C03476F74968}"
EndProject
Project("{9A19103F-16F7-4668-BE54-9A1E7A4F7556}") = "SasXptParser.DependencyInjection", "SasXptParser.DependencyInjection\SasXptParser.DependencyInjection.csproj", "{C042D173-B853-45F1-ADF7-9C4A3983E1EB}"
EndProject
Global
	GlobalSection(SolutionConfigurationPlatforms) = preSolution
		Debug|Any CPU = Debug|Any CPU
		Release|Any CPU = Release|Any CPU
	EndGlobalSection
	GlobalSection(ProjectConfigurationPlatforms) = postSolution
		{8FE3EA3F-8C77-4D13-9C0C-695AEE83E694}.Debug|Any CPU.ActiveCfg = Debug|Any CPU
		{8FE3EA3F-8C77-4D13-9C0C-695AEE83E694}.Debug|Any CPU.Build.0 = Debug|Any CPU
		{8FE3EA3F-8C77-4D13-9C0C-695AEE83E694}.Release|Any CPU.ActiveCfg = Release|Any CPU
		{8FE3EA3F-8C77-4D13-9C0C-695AEE83E694}.Release|Any CPU.Build.0 = Release|Any CPU
		{362187B4-520A-4BFB-BB06-C03476F74968}.Debug|Any CPU.ActiveCfg = Debug|Any CPU
		{362187B4-520A-4BFB-BB06-C03476F74968}.Debug|Any CPU.Build.0 = Debug|Any CPU
		{362187B4-520A-4BFB-BB06-C03476F74968}.Release|Any CPU.ActiveCfg = Release|Any CPU
		{362187B4-520A-4BFB-BB06-C03476F74968}.Release|Any CPU.Build.0 = Release|Any CPU
		{C042D173-B853-45F1-ADF7-9C4A3983E1EB}.Debug|Any CPU.ActiveCfg = Debug|Any CPU
		{C042D173-B853-45F1-ADF7-9C4A3983E1EB}.Debug|Any CPU.Build.0 = Debug|Any CPU
		{C042D173-B853-45F1-ADF7-9C4A3983E1EB}.Release|Any CPU.ActiveCfg = Release|Any CPU
		{C042D173-B853-45F1-ADF7-9C4A3983E1EB}.Release|Any CPU.Build.0 = Release|Any CPU
	EndGlobalSection
	GlobalSection(SolutionProperties) = preSolution
		HideSolutionNode = FALSE
	EndGlobalSection
EndGlobal
